
Microsoft Visual Studio Solution File, Format Version 12.00
# Visual Studio Version 17
VisualStudioVersion = 17.4.33205.214
MinimumVisualStudioVersion = 10.0.40219.1
Project("{FAE04EC0-301F-11D3-BF4B-00C04F79EFBC}") = "ConsoleApp1", "ConsoleApp1.csproj", "{1F7018FC-C623-4FFE-8C6D-4F85BEF19D8F}"
EndProject
Global
	GlobalSection(SolutionConfigurationPlatforms) = preSolution
		Debug|Any CPU = Debug|Any CPU
		Release|Any CPU = Release|Any CPU
	EndGlobalSection
	GlobalSection(ProjectConfigurationPlatforms) = postSolution
		{1F7018FC-C623-4FFE-8C6D-4F85BEF19D8F}.Debug|Any CPU.ActiveCfg = Debug|Any CPU
		{1F7018FC-C623-4FFE-8C6D-4F85BEF19D8F}.Debug|Any CPU.Build.0 = Debug|Any CPU
		{1F7018FC-C623-4FFE-8C6D-4F85BEF19D8F}.Release|Any CPU.ActiveCfg = Release|Any CPU
		{1F7018FC-C623-4FFE-8C6D-4F85BEF19D8F}.Release|Any CPU.Build.0 = Release|Any CPU
	EndGlobalSection
	GlobalSection(SolutionProperties) = preSolution
		HideSolutionNode = FALSE
	EndGlobalSection
	GlobalSection(ExtensibilityGlobals) = postSolution
		SolutionGuid = {79CE8EBA-93B0-41A2-9C17-5987EB6D9C79}
	EndGlobalSection
EndGlobal
